
Microsoft Visual Studio Solution File, Format Version 12.00
# Visual Studio Version 17
VisualStudioVersion = 17.12.35209.166
MinimumVisualStudioVersion = 10.0.40219.1
Project("{FAE04EC0-301F-11D3-BF4B-00C04F79EFBC}") = "Ecommerce-Webapp", "Ecommerce-Webapp\Ecommerce-Webapp.csproj", "{6563B080-E489-4B3D-9366-7B10566906EE}"
EndProject
Global
	GlobalSection(SolutionConfigurationPlatforms) = preSolution
		Debug|Any CPU = Debug|Any CPU
		Release|Any CPU = Release|Any CPU
	EndGlobalSection
	GlobalSection(ProjectConfigurationPlatforms) = postSolution
		{6563B080-E489-4B3D-9366-7B10566906EE}.Debug|Any CPU.ActiveCfg = Debug|Any CPU
		{6563B080-E489-4B3D-9366-7B10566906EE}.Debug|Any CPU.Build.0 = Debug|Any CPU
		{6563B080-E489-4B3D-9366-7B10566906EE}.Release|Any CPU.ActiveCfg = Release|Any CPU
		{6563B080-E489-4B3D-9366-7B10566906EE}.Release|Any CPU.Build.0 = Release|Any CPU
	EndGlobalSection
	GlobalSection(SolutionProperties) = preSolution
		HideSolutionNode = FALSE
	EndGlobalSection
	GlobalSection(ExtensibilityGlobals) = postSolution
		SolutionGuid = {E02DD0AF-B1FE-441F-80E5-B4E68246C5C7}
	EndGlobalSection
EndGlobal
